Microsoft Visual Studio Solution File, Format Version 12.00
# Visual Studio Version 17
VisualStudioVersion = 17.0.31903.59
MinimumVisualStudioVersion = 10.0.40219.1
Project("{FAE04EC0-301F-11D3-BF4B-00C04F79EFBC}") = "QuanLyDauTu.Web", "QuanLyDauTu.Web\QuanLyDauTu.Web.csproj", "{A4B8C3D2-E1F5-4A7B-9C3D-2E5F8A1B4C7D}"
EndProject
Project("{E24C65DC-7377-472B-9ABA-BC803B73C61A}") = "QuanLyDauTu.Angular", "QuanLyDauTu.Angular\", "{1C631C03-57B8-10B8-1770-C61C1D8357C7}"
	ProjectSection(WebsiteProperties) = preProject
		TargetFrameworkMoniker = ".NETFramework,Version%3Dv4.8"
		Debug.AspNetCompiler.VirtualPath = "/localhost_60123"
		Debug.AspNetCompiler.PhysicalPath = "QuanLyDauTu.Angular\"
		Debug.AspNetCompiler.TargetPath = "PrecompiledWeb\localhost_60123\"
		Debug.AspNetCompiler.Updateable = "true"
		Debug.AspNetCompiler.ForceOverwrite = "true"
		Debug.AspNetCompiler.FixedNames = "false"
		Debug.AspNetCompiler.Debug = "True"
		Release.AspNetCompiler.VirtualPath = "/localhost_60123"
		Release.AspNetCompiler.PhysicalPath = "QuanLyDauTu.Angular\"
		Release.AspNetCompiler.TargetPath = "PrecompiledWeb\localhost_60123\"
		Release.AspNetCompiler.Updateable = "true"
		Release.AspNetCompiler.ForceOverwrite = "true"
		Release.AspNetCompiler.FixedNames = "false"
		Release.AspNetCompiler.Debug = "False"
		VWDPort = "60123"
		SlnRelativePath = "QuanLyDauTu.Angular\"
	EndProjectSection
EndProject
Global
	GlobalSection(SolutionConfigurationPlatforms) = preSolution
		Debug|Any CPU = Debug|Any CPU
		Release|Any CPU = Release|Any CPU
	EndGlobalSection
	GlobalSection(ProjectConfigurationPlatforms) = postSolution
		{A4B8C3D2-E1F5-4A7B-9C3D-2E5F8A1B4C7D}.Debug|Any CPU.ActiveCfg = Debug|Any CPU
		{A4B8C3D2-E1F5-4A7B-9C3D-2E5F8A1B4C7D}.Debug|Any CPU.Build.0 = Debug|Any CPU
		{A4B8C3D2-E1F5-4A7B-9C3D-2E5F8A1B4C7D}.Release|Any CPU.ActiveCfg = Release|Any CPU
		{A4B8C3D2-E1F5-4A7B-9C3D-2E5F8A1B4C7D}.Release|Any CPU.Build.0 = Release|Any CPU
		{1C631C03-57B8-10B8-1770-C61C1D8357C7}.Debug|Any CPU.ActiveCfg = Debug|Any CPU
		{1C631C03-57B8-10B8-1770-C61C1D8357C7}.Debug|Any CPU.Build.0 = Debug|Any CPU
		{1C631C03-57B8-10B8-1770-C61C1D8357C7}.Release|Any CPU.ActiveCfg = Debug|Any CPU
		{1C631C03-57B8-10B8-1770-C61C1D8357C7}.Release|Any CPU.Build.0 = Debug|Any CPU
	EndGlobalSection
	GlobalSection(SolutionProperties) = preSolution
		HideSolutionNode = FALSE
	EndGlobalSection
	GlobalSection(ExtensibilityGlobals) = postSolution
		SolutionGuid = {909FCA44-420D-4C7B-93F4-119527C6BE0C}
	EndGlobalSection
EndGlobal
